
Microsoft Visual Studio Solution File, Format Version 12.00
# Visual Studio 15
VisualStudioVersion = 15.0.28307.705
MinimumVisualStudioVersion = 10.0.40219.1
Project("{FAE04EC0-301F-11D3-BF4B-00C04F79EFBC}") = "AsynchronousConsole", "AsynchronousProgrammingExamples\AsynchronousConsole.csproj", "{7B0D6BE5-5B51-44A3-B512-DF056A0C52F1}"
EndProject
Project("{FAE04EC0-301F-11D3-BF4B-00C04F79EFBC}") = "AsynchronousApp", "AsynchronousES\AsynchronousApp.csproj", "{1535C497-1DCD-4415-839D-BD619F161174}"
EndProject
Global
	GlobalSection(SolutionConfigurationPlatforms) = preSolution
		Debug|Any CPU = Debug|Any CPU
		Release|Any CPU = Release|Any CPU
	EndGlobalSection
	GlobalSection(ProjectConfigurationPlatforms) = postSolution
		{7B0D6BE5-5B51-44A3-B512-DF056A0C52F1}.Debug|Any CPU.ActiveCfg = Debug|Any CPU
		{7B0D6BE5-5B51-44A3-B512-DF056A0C52F1}.Debug|Any CPU.Build.0 = Debug|Any CPU
		{7B0D6BE5-5B51-44A3-B512-DF056A0C52F1}.Release|Any CPU.ActiveCfg = Release|Any CPU
		{7B0D6BE5-5B51-44A3-B512-DF056A0C52F1}.Release|Any CPU.Build.0 = Release|Any CPU
		{1535C497-1DCD-4415-839D-BD619F161174}.Debug|Any CPU.ActiveCfg = Debug|Any CPU
		{1535C497-1DCD-4415-839D-BD619F161174}.Debug|Any CPU.Build.0 = Debug|Any CPU
		{1535C497-1DCD-4415-839D-BD619F161174}.Release|Any CPU.ActiveCfg = Release|Any CPU
		{1535C497-1DCD-4415-839D-BD619F161174}.Release|Any CPU.Build.0 = Release|Any CPU
	EndGlobalSection
	GlobalSection(SolutionProperties) = preSolution
		HideSolutionNode = FALSE
	EndGlobalSection
	GlobalSection(ExtensibilityGlobals) = postSolution
		SolutionGuid = {60E2827C-813A-4332-91C7-CDFBC2A0A521}
	EndGlobalSection
EndGlobal
