
Microsoft Visual Studio Solution File, Format Version 12.00
# Visual Studio 15
VisualStudioVersion = 15.0.28307.705
MinimumVisualStudioVersion = 10.0.40219.1
Project("{FAE04EC0-301F-11D3-BF4B-00C04F79EFBC}") = "Stack", "Stack\Stack.csproj", "{648C4D69-B37B-4B48-887F-8F2A94416D03}"
EndProject
Project("{FAE04EC0-301F-11D3-BF4B-00C04F79EFBC}") = "StackTests", "StackTests\StackTests.csproj", "{ACD155A8-A5D5-426D-8FFB-69EFF62F27B6}"
EndProject
Global
	GlobalSection(SolutionConfigurationPlatforms) = preSolution
		Debug|Any CPU = Debug|Any CPU
		Release|Any CPU = Release|Any CPU
	EndGlobalSection
	GlobalSection(ProjectConfigurationPlatforms) = postSolution
		{648C4D69-B37B-4B48-887F-8F2A94416D03}.Debug|Any CPU.ActiveCfg = Debug|Any CPU
		{648C4D69-B37B-4B48-887F-8F2A94416D03}.Debug|Any CPU.Build.0 = Debug|Any CPU
		{648C4D69-B37B-4B48-887F-8F2A94416D03}.Release|Any CPU.ActiveCfg = Release|Any CPU
		{648C4D69-B37B-4B48-887F-8F2A94416D03}.Release|Any CPU.Build.0 = Release|Any CPU
		{ACD155A8-A5D5-426D-8FFB-69EFF62F27B6}.Debug|Any CPU.ActiveCfg = Debug|Any CPU
		{ACD155A8-A5D5-426D-8FFB-69EFF62F27B6}.Debug|Any CPU.Build.0 = Debug|Any CPU
		{ACD155A8-A5D5-426D-8FFB-69EFF62F27B6}.Release|Any CPU.ActiveCfg = Release|Any CPU
		{ACD155A8-A5D5-426D-8FFB-69EFF62F27B6}.Release|Any CPU.Build.0 = Release|Any CPU
	EndGlobalSection
	GlobalSection(SolutionProperties) = preSolution
		HideSolutionNode = FALSE
	EndGlobalSection
	GlobalSection(ExtensibilityGlobals) = postSolution
		SolutionGuid = {429427A8-351A-4187-8782-03F27FCB77E9}
	EndGlobalSection
EndGlobal
