
Microsoft Visual Studio Solution File, Format Version 12.00
# Visual Studio 15
VisualStudioVersion = 15.0.28307.705
MinimumVisualStudioVersion = 10.0.40219.1
Project("{FAE04EC0-301F-11D3-BF4B-00C04F79EFBC}") = "EventDrivenProgrammingExample", "EventDrivenProgrammingExample\EventDrivenProgrammingExample.csproj", "{65D10CE1-D680-46E7-B5A9-D7B3D816BEE1}"
EndProject
Project("{FAE04EC0-301F-11D3-BF4B-00C04F79EFBC}") = "WPFEvents", "WPFEvents\WPFEvents.csproj", "{849F45EF-FAE2-41E9-900D-5343D0CE6EFC}"
EndProject
Global
	GlobalSection(SolutionConfigurationPlatforms) = preSolution
		Debug|Any CPU = Debug|Any CPU
		Release|Any CPU = Release|Any CPU
	EndGlobalSection
	GlobalSection(ProjectConfigurationPlatforms) = postSolution
		{65D10CE1-D680-46E7-B5A9-D7B3D816BEE1}.Debug|Any CPU.ActiveCfg = Debug|Any CPU
		{65D10CE1-D680-46E7-B5A9-D7B3D816BEE1}.Debug|Any CPU.Build.0 = Debug|Any CPU
		{65D10CE1-D680-46E7-B5A9-D7B3D816BEE1}.Release|Any CPU.ActiveCfg = Release|Any CPU
		{65D10CE1-D680-46E7-B5A9-D7B3D816BEE1}.Release|Any CPU.Build.0 = Release|Any CPU
		{849F45EF-FAE2-41E9-900D-5343D0CE6EFC}.Debug|Any CPU.ActiveCfg = Debug|Any CPU
		{849F45EF-FAE2-41E9-900D-5343D0CE6EFC}.Debug|Any CPU.Build.0 = Debug|Any CPU
		{849F45EF-FAE2-41E9-900D-5343D0CE6EFC}.Release|Any CPU.ActiveCfg = Release|Any CPU
		{849F45EF-FAE2-41E9-900D-5343D0CE6EFC}.Release|Any CPU.Build.0 = Release|Any CPU
	EndGlobalSection
	GlobalSection(SolutionProperties) = preSolution
		HideSolutionNode = FALSE
	EndGlobalSection
	GlobalSection(ExtensibilityGlobals) = postSolution
		SolutionGuid = {FA1CCD42-A138-475E-9EFA-ED3B6DCEDB95}
	EndGlobalSection
EndGlobal
